// !$*UTF8*$!
{
	archiveVersion = 1;
	classes = {
	};
	objectVersion = 52;
	objects = {

/* Begin PBXBuildFile section */
		A54F1B842705D4270024405E /* AppDelegate.swift in Sources */ = {isa = PBXBuildFile; fileRef = A54F1B832705D4270024405E /* AppDelegate.swift */; };
		A54F1B862705D4270024405E /* SceneDelegate.swift in Sources */ = {isa = PBXBuildFile; fileRef = A54F1B852705D4270024405E /* SceneDelegate.swift */; };
		A54F1B882705D4270024405E /* ContentView.swift in Sources */ = {isa = PBXBuildFile; fileRef = A54F1B872705D4270024405E /* ContentView.swift */; };
		A54F1B8A2705D42F0024405E /* Assets.xcassets in Resources */ = {isa = PBXBuildFile; fileRef = A54F1B892705D42F0024405E /* Assets.xcassets */; };
		A54F1B8D2705D42F0024405E /* Preview Assets.xcassets in Resources */ = {isa = PBXBuildFile; fileRef = A54F1B8C2705D42F0024405E /* Preview Assets.xcassets */; };
		A54F1B902705D42F0024405E /* LaunchScreen.storyboard in Resources */ = {isa = PBXBuildFile; fileRef = A54F1B8E2705D42F0024405E /* LaunchScreen.storyboard */; };
		A54F1B9827072CAC0024405E /* APIService.swift in Sources */ = {isa = PBXBuildFile; fileRef = A54F1B9727072CAC0024405E /* APIService.swift */; };
		A54F1B9A27072CD10024405E /* Weather.swift in Sources */ = {isa = PBXBuildFile; fileRef = A54F1B9927072CD10024405E /* Weather.swift */; };
		A59011802710DD85004689A7 /* ForecastListVM.swift in Sources */ = {isa = PBXBuildFile; fileRef = A590117F2710DD85004689A7 /* ForecastListVM.swift */; };
		A590118327133384004689A7 /* SDWebImageSwiftUI in Frameworks */ = {isa = PBXBuildFile; productRef = A590118227133384004689A7 /* SDWebImageSwiftUI */; };
		A59011852714732F004689A7 /* UIApplicationExtention.swift in Sources */ = {isa = PBXBuildFile; fileRef = A59011842714732F004689A7 /* UIApplicationExtention.swift */; };
		A5AD8DC927103487001A9DEC /* WeatherForecastVM.swift in Sources */ = {isa = PBXBuildFile; fileRef = A5AD8DC827103487001A9DEC /* WeatherForecastVM.swift */; };
/* End PBXBuildFile section */

/* Begin PBXFileReference section */
		A54F1B802705D4270024405E /* WeatherApp.app */ = {isa = PBXFileReference; explicitFileType = wrapper.application; includeInIndex = 0; path = WeatherApp.app; sourceTree = BUILT_PRODUCTS_DIR; };
		A54F1B832705D4270024405E /* AppDelegate.swift */ = {isa = PBXFileReference; lastKnownFileType = sourcecode.swift; path = AppDelegate.swift; sourceTree = "<group>"; };
		A54F1B852705D4270024405E /* SceneDelegate.swift */ = {isa = PBXFileReference; lastKnownFileType = sourcecode.swift; path = SceneDelegate.swift; sourceTree = "<group>"; };
		A54F1B872705D4270024405E /* ContentView.swift */ = {isa = PBXFileReference; lastKnownFileType = sourcecode.swift; path = ContentView.swift; sourceTree = "<group>"; };
		A54F1B892705D42F0024405E /* Assets.xcassets */ = {isa = PBXFileReference; lastKnownFileType = folder.assetcatalog; path = Assets.xcassets; sourceTree = "<group>"; };
		A54F1B8C2705D42F0024405E /* Preview Assets.xcassets */ = {isa = PBXFileReference; lastKnownFileType = folder.assetcatalog; path = "Preview Assets.xcassets"; sourceTree = "<group>"; };
		A54F1B8F2705D42F0024405E /* Base */ = {isa = PBXFileReference; lastKnownFileType = file.storyboard; name = Base; path = Base.lproj/LaunchScreen.storyboard; sourceTree = "<group>"; };
		A54F1B912705D42F0024405E /* Info.plist */ = {isa = PBXFileReference; lastKnownFileType = text.plist.xml; path = Info.plist; sourceTree = "<group>"; };
		A54F1B9727072CAC0024405E /* APIService.swift */ = {isa = PBXFileReference; lastKnownFileType = sourcecode.swift; path = APIService.swift; sourceTree = "<group>"; };
		A54F1B9927072CD10024405E /* Weather.swift */ = {isa = PBXFileReference; lastKnownFileType = sourcecode.swift; path = Weather.swift; sourceTree = "<group>"; };
		A590117F2710DD85004689A7 /* ForecastListVM.swift */ = {isa = PBXFileReference; lastKnownFileType = sourcecode.swift; path = ForecastListVM.swift; sourceTree = "<group>"; };
		A59011842714732F004689A7 /* UIApplicationExtention.swift */ = {isa = PBXFileReference; lastKnownFileType = sourcecode.swift; path = UIApplicationExtention.swift; sourceTree = "<group>"; };
		A5AD8DC827103487001A9DEC /* WeatherForecastVM.swift */ = {isa = PBXFileReference; lastKnownFileType = sourcecode.swift; path = WeatherForecastVM.swift; sourceTree = "<group>"; };
/* End PBXFileReference section */

/* Begin PBXFrameworksBuildPhase section */
		A54F1B7D2705D4270024405E /* Frameworks */ = {
			isa = PBXFrameworksBuildPhase;
			buildActionMask = 2147483647;
			files = (
				A590118327133384004689A7 /* SDWebImageSwiftUI in Frameworks */,
			);
			runOnlyForDeploymentPostprocessing = 0;
		};
/* End PBXFrameworksBuildPhase section */

/* Begin PBXGroup section */
		A54F1B772705D4270024405E = {
			isa = PBXGroup;
			children = (
				A59011842714732F004689A7 /* UIApplicationExtention.swift */,
				A54F1B822705D4270024405E /* WeatherApp */,
				A54F1B812705D4270024405E /* Products */,
			);
			sourceTree = "<group>";
		};
		A54F1B812705D4270024405E /* Products */ = {
			isa = PBXGroup;
			children = (
				A54F1B802705D4270024405E /* WeatherApp.app */,
			);
			name = Products;
			sourceTree = "<group>";
		};
		A54F1B822705D4270024405E /* WeatherApp */ = {
			isa = PBXGroup;
			children = (
				A54F1B832705D4270024405E /* AppDelegate.swift */,
				A54F1B852705D4270024405E /* SceneDelegate.swift */,
				A54F1B872705D4270024405E /* ContentView.swift */,
				A5AD8DC827103487001A9DEC /* WeatherForecastVM.swift */,
				A590117F2710DD85004689A7 /* ForecastListVM.swift */,
				A54F1B9727072CAC0024405E /* APIService.swift */,
				A54F1B9927072CD10024405E /* Weather.swift */,
				A54F1B892705D42F0024405E /* Assets.xcassets */,
				A54F1B8E2705D42F0024405E /* LaunchScreen.storyboard */,
				A54F1B912705D42F0024405E /* Info.plist */,
				A54F1B8B2705D42F0024405E /* Preview Content */,
			);
			path = WeatherApp;
			sourceTree = "<group>";
		};
		A54F1B8B2705D42F0024405E /* Preview Content */ = {
			isa = PBXGroup;
			children = (
				A54F1B8C2705D42F0024405E /* Preview Assets.xcassets */,
			);
			path = "Preview Content";
			sourceTree = "<group>";
		};
/* End PBXGroup section */

/* Begin PBXNativeTarget section */
		A54F1B7F2705D4270024405E /* WeatherApp */ = {
			isa = PBXNativeTarget;
			buildConfigurationList = A54F1B942705D42F0024405E /* Build configuration list for PBXNativeTarget "WeatherApp" */;
			buildPhases = (
				A54F1B7C2705D4270024405E /* Sources */,
				A54F1B7D2705D4270024405E /* Frameworks */,
				A54F1B7E2705D4270024405E /* Resources */,
			);
			buildRules = (
			);
			dependencies = (
			);
			name = WeatherApp;
			packageProductDependencies = (
				A590118227133384004689A7 /* SDWebImageSwiftUI */,
			);
			productName = WeatherApp;
			productReference = A54F1B802705D4270024405E /* WeatherApp.app */;
			productType = "com.apple.product-type.application";
		};
/* End PBXNativeTarget section */

/* Begin PBXProject section */
		A54F1B782705D4270024405E /* Project object */ = {
			isa = PBXProject;
			attributes = {
				LastSwiftUpdateCheck = 1250;
				LastUpgradeCheck = 1250;
				TargetAttributes = {
					A54F1B7F2705D4270024405E = {
						CreatedOnToolsVersion = 12.5.1;
					};
				};
			};
			buildConfigurationList = A54F1B7B2705D4270024405E /* Build configuration list for PBXProject "WeatherApp" */;
			compatibilityVersion = "Xcode 9.3";
			developmentRegion = en;
			hasScannedForEncodings = 0;
			knownRegions = (
				en,
				Base,
			);
			mainGroup = A54F1B772705D4270024405E;
			packageReferences = (
				A590118127133383004689A7 /* XCRemoteSwiftPackageReference "SDWebImageSwiftUI" */,
			);
			productRefGroup = A54F1B812705D4270024405E /* Products */;
			projectDirPath = "";
			projectRoot = "";
			targets = (
				A54F1B7F2705D4270024405E /* WeatherApp */,
			);
		};
/* End PBXProject section */

/* Begin PBXResourcesBuildPhase section */
		A54F1B7E2705D4270024405E /* Resources */ = {
			isa = PBXResourcesBuildPhase;
			buildActionMask = 2147483647;
			files = (
				A54F1B902705D42F0024405E /* LaunchScreen.storyboard in Resources */,
				A54F1B8D2705D42F0024405E /* Preview Assets.xcassets in Resources */,
				A54F1B8A2705D42F0024405E /* Assets.xcassets in Resources */,
			);
			runOnlyForDeploymentPostprocessing = 0;
		};
/* End PBXResourcesBuildPhase section */

/* Begin PBXSourcesBuildPhase section */
		A54F1B7C2705D4270024405E /* Sources */ = {
			isa = PBXSourcesBuildPhase;
			buildActionMask = 2147483647;
			files = (
				A54F1B842705D4270024405E /* AppDelegate.swift in Sources */,
				A54F1B862705D4270024405E /* SceneDelegate.swift in Sources */,
				A5AD8DC927103487001A9DEC /* WeatherForecastVM.swift in Sources */,
				A54F1B9827072CAC0024405E /* APIService.swift in Sources */,
				A54F1B882705D4270024405E /* ContentView.swift in Sources */,
				A54F1B9A27072CD10024405E /* Weather.swift in Sources */,
				A59011802710DD85004689A7 /* ForecastListVM.swift in Sources */,
				A59011852714732F004689A7 /* UIApplicationExtention.swift in Sources */,
			);
			runOnlyForDeploymentPostprocessing = 0;
		};
/* End PBXSourcesBuildPhase section */

/* Begin PBXVariantGroup section */
		A54F1B8E2705D42F0024405E /* LaunchScreen.storyboard */ = {
			isa = PBXVariantGroup;
			children = (
				A54F1B8F2705D42F0024405E /* Base */,
			);
			name = LaunchScreen.storyboard;
			sourceTree = "<group>";
		};
/* End PBXVariantGroup section */

/* Begin XCBuildConfiguration section */
		A54F1B922705D42F0024405E /* Debug */ = {
			isa = XCBuildConfiguration;
			buildSettings = {
				ALWAYS_SEARCH_USER_PATHS = NO;
				CLANG_ANALYZER_NONNULL = YES;
				CLANG_ANALYZER_NUMBER_OBJECT_CONVERSION = YES_AGGRESSIVE;
				CLANG_CXX_LANGUAGE_STANDARD = "gnu++14";
				CLANG_CXX_LIBRARY = "libc++";
				CLANG_ENABLE_MODULES = YES;
				CLANG_ENABLE_OBJC_ARC = YES;
				CLANG_ENABLE_OBJC_WEAK = YES;
				CLANG_WARN_BLOCK_CAPTURE_AUTORELEASING = YES;
				CLANG_WARN_BOOL_CONVERSION = YES;
				CLANG_WARN_COMMA = YES;
				CLANG_WARN_CONSTANT_CONVERSION = YES;
				CLANG_WARN_DEPRECATED_OBJC_IMPLEMENTATIONS = YES;
				CLANG_WARN_DIRECT_OBJC_ISA_USAGE = YES_ERROR;
				CLANG_WARN_DOCUMENTATION_COMMENTS = YES;
				CLANG_WARN_EMPTY_BODY = YES;
				CLANG_WARN_ENUM_CONVERSION = YES;
				CLANG_WARN_INFINITE_RECURSION = YES;
				CLANG_WARN_INT_CONVERSION = YES;
				CLANG_WARN_NON_LITERAL_NULL_CONVERSION = YES;
				CLANG_WARN_OBJC_IMPLICIT_RETAIN_SELF = YES;
				CLANG_WARN_OBJC_LITERAL_CONVERSION = YES;
				CLANG_WARN_OBJC_ROOT_CLASS = YES_ERROR;
				CLANG_WARN_QUOTED_INCLUDE_IN_FRAMEWORK_HEADER = YES;
				CLANG_WARN_RANGE_LOOP_ANALYSIS = YES;
				CLANG_WARN_STRICT_PROTOTYPES = YES;
				CLANG_WARN_SUSPICIOUS_MOVE = YES;
				CLANG_WARN_UNGUARDED_AVAILABILITY = YES_AGGRESSIVE;
				CLANG_WARN_UNREACHABLE_CODE = YES;
				CLANG_WARN__DUPLICATE_METHOD_MATCH = YES;
				COPY_PHASE_STRIP = NO;
				DEBUG_INFORMATION_FORMAT = dwarf;
				ENABLE_STRICT_OBJC_MSGSEND = YES;
				ENABLE_TESTABILITY = YES;
				GCC_C_LANGUAGE_STANDARD = gnu11;
				GCC_DYNAMIC_NO_PIC = NO;
				GCC_NO_COMMON_BLOCKS = YES;
				GCC_OPTIMIZATION_LEVEL = 0;
				GCC_PREPROCESSOR_DEFINITIONS = (
					"DEBUG=1",
					"$(inherited)",
				);
				GCC_WARN_64_TO_32_BIT_CONVERSION = YES;
				GCC_WARN_ABOUT_RETURN_TYPE = YES_ERROR;
				GCC_WARN_UNDECLARED_SELECTOR = YES;
				GCC_WARN_UNINITIALIZED_AUTOS = YES_AGGRESSIVE;
				GCC_WARN_UNUSED_FUNCTION = YES;
				GCC_WARN_UNUSED_VARIABLE = YES;
				IPHONEOS_DEPLOYMENT_TARGET = 14.5;
				MTL_ENABLE_DEBUG_INFO = INCLUDE_SOURCE;
				MTL_FAST_MATH = YES;
				ONLY_ACTIVE_ARCH = YES;
				SDKROOT = iphoneos;
				SWIFT_ACTIVE_COMPILATION_CONDITIONS = DEBUG;
				SWIFT_OPTIMIZATION_LEVEL = "-Onone";
			};
			name = Debug;
		};
		A54F1B932705D42F0024405E /* Release */ = {
			isa = XCBuildConfiguration;
			buildSettings = {
				ALWAYS_SEARCH_USER_PATHS = NO;
				CLANG_ANALYZER_NONNULL = YES;
				CLANG_ANALYZER_NUMBER_OBJECT_CONVERSION = YES_AGGRESSIVE;
				CLANG_CXX_LANGUAGE_STANDARD = "gnu++14";
				CLANG_CXX_LIBRARY = "libc++";
				CLANG_ENABLE_MODULES = YES;
				CLANG_ENABLE_OBJC_ARC = YES;
				CLANG_ENABLE_OBJC_WEAK = YES;
				CLANG_WARN_BLOCK_CAPTURE_AUTORELEASING = YES;
				CLANG_WARN_BOOL_CONVERSION = YES;
				CLANG_WARN_COMMA = YES;
				CLANG_WARN_CONSTANT_CONVERSION = YES;
				CLANG_WARN_DEPRECATED_OBJC_IMPLEMENTATIONS = YES;
				CLANG_WARN_DIRECT_OBJC_ISA_USAGE = YES_ERROR;
				CLANG_WARN_DOCUMENTATION_COMMENTS = YES;
				CLANG_WARN_EMPTY_BODY = YES;
				CLANG_WARN_ENUM_CONVERSION = YES;
				CLANG_WARN_INFINITE_RECURSION = YES;
				CLANG_WARN_INT_CONVERSION = YES;
				CLANG_WARN_NON_LITERAL_NULL_CONVERSION = YES;
				CLANG_WARN_OBJC_IMPLICIT_RETAIN_SELF = YES;
				CLANG_WARN_OBJC_LITERAL_CONVERSION = YES;
				CLANG_WARN_OBJC_ROOT_CLASS = YES_ERROR;
				CLANG_WARN_QUOTED_INCLUDE_IN_FRAMEWORK_HEADER = YES;
				CLANG_WARN_RANGE_LOOP_ANALYSIS = YES;
				CLANG_WARN_STRICT_PROTOTYPES = YES;
				CLANG_WARN_SUSPICIOUS_MOVE = YES;
				CLANG_WARN_UNGUARDED_AVAILABILITY = YES_AGGRESSIVE;
				CLANG_WARN_UNREACHABLE_CODE = YES;
				CLANG_WARN__DUPLICATE_METHOD_MATCH = YES;
				COPY_PHASE_STRIP = NO;
				DEBUG_INFORMATION_FORMAT = "dwarf-with-dsym";
				ENABLE_NS_ASSERTIONS = NO;
				ENABLE_STRICT_OBJC_MSGSEND = YES;
				GCC_C_LANGUAGE_STANDARD = gnu11;
				GCC_NO_COMMON_BLOCKS = YES;
				GCC_WARN_64_TO_32_BIT_CONVERSION = YES;
				GCC_WARN_ABOUT_RETURN_TYPE = YES_ERROR;
				GCC_WARN_UNDECLARED_SELECTOR = YES;
				GCC_WARN_UNINITIALIZED_AUTOS = YES_AGGRESSIVE;
				GCC_WARN_UNUSED_FUNCTION = YES;
				GCC_WARN_UNUSED_VARIABLE = YES;
				IPHONEOS_DEPLOYMENT_TARGET = 14.5;
				MTL_ENABLE_DEBUG_INFO = NO;
				MTL_FAST_MATH = YES;
				SDKROOT = iphoneos;
				SWIFT_COMPILATION_MODE = wholemodule;
				SWIFT_OPTIMIZATION_LEVEL = "-O";
				VALIDATE_PRODUCT = YES;
			};
			name = Release;
		};
		A54F1B952705D42F0024405E /* Debug */ = {
			isa = XCBuildConfiguration;
			buildSettings = {
				ASSETCATALOG_COMPILER_APPICON_NAME = AppIcon;
				ASSETCATALOG_COMPILER_GLOBAL_ACCENT_COLOR_NAME = AccentColor;
				CODE_SIGN_STYLE = Automatic;
				DEVELOPMENT_ASSET_PATHS = "\"WeatherApp/Preview Content\"";
				DEVELOPMENT_TEAM = S38J3MCDE3;
				ENABLE_PREVIEWS = YES;
				INFOPLIST_FILE = WeatherApp/Info.plist;
				LD_RUNPATH_SEARCH_PATHS = (
					"$(inherited)",
					"@executable_path/Frameworks",
				);
				PRODUCT_BUNDLE_IDENTIFIER = Fourteen.WeatherApp;
				PRODUCT_NAME = "$(TARGET_NAME)";
				SWIFT_VERSION = 5.0;
				TARGETED_DEVICE_FAMILY = "1,2";
			};
			name = Debug;
		};
		A54F1B962705D42F0024405E /* Release */ = {
			isa = XCBuildConfiguration;
			buildSettings = {
				ASSETCATALOG_COMPILER_APPICON_NAME = AppIcon;
				ASSETCATALOG_COMPILER_GLOBAL_ACCENT_COLOR_NAME = AccentColor;
				CODE_SIGN_STYLE = Automatic;
				DEVELOPMENT_ASSET_PATHS = "\"WeatherApp/Preview Content\"";
				DEVELOPMENT_TEAM = S38J3MCDE3;
				ENABLE_PREVIEWS = YES;
				INFOPLIST_FILE = WeatherApp/Info.plist;
				LD_RUNPATH_SEARCH_PATHS = (
					"$(inherited)",
					"@executable_path/Frameworks",
				);
				PRODUCT_BUNDLE_IDENTIFIER = Fourteen.WeatherApp;
				PRODUCT_NAME = "$(TARGET_NAME)";
				SWIFT_VERSION = 5.0;
				TARGETED_DEVICE_FAMILY = "1,2";
			};
			name = Release;
		};
/* End XCBuildConfiguration section */

/* Begin XCConfigurationList section */
		A54F1B7B2705D4270024405E /* Build configuration list for PBXProject "WeatherApp" */ = {
			isa = XCConfigurationList;
			buildConfigurations = (
				A54F1B922705D42F0024405E /* Debug */,
				A54F1B932705D42F0024405E /* Release */,
			);
			defaultConfigurationIsVisible = 0;
			defaultConfigurationName = Release;
		};
		A54F1B942705D42F0024405E /* Build configuration list for PBXNativeTarget "WeatherApp" */ = {
			isa = XCConfigurationList;
			buildConfigurations = (
				A54F1B952705D42F0024405E /* Debug */,
				A54F1B962705D42F0024405E /* Release */,
			);
			defaultConfigurationIsVisible = 0;
			defaultConfigurationName = Release;
		};
/* End XCConfigurationList section */

/* Begin XCRemoteSwiftPackageReference section */
		A590118127133383004689A7 /* XCRemoteSwiftPackageReference "SDWebImageSwiftUI" */ = {
			isa = XCRemoteSwiftPackageReference;
			repositoryURL = "https://github.com/SDWebImage/SDWebImageSwiftUI";
			requirement = {
				kind = upToNextMajorVersion;
				minimumVersion = 2.0.0;
			};
		};
/* End XCRemoteSwiftPackageReference section */

/* Begin XCSwiftPackageProductDependency section */
		A590118227133384004689A7 /* SDWebImageSwiftUI */ = {
			isa = XCSwiftPackageProductDependency;
			package = A590118127133383004689A7 /* XCRemoteSwiftPackageReference "SDWebImageSwiftUI" */;
			productName = SDWebImageSwiftUI;
		};
/* End XCSwiftPackageProductDependency section */
	};
	rootObject = A54F1B782705D4270024405E /* Project object */;
}
